
Microsoft Visual Studio Solution File, Format Version 12.00
# Visual Studio 15
VisualStudioVersion = 15.0.28307.438
MinimumVisualStudioVersion = 10.0.40219.1
Project("{FAE04EC0-301F-11D3-BF4B-00C04F79EFBC}") = "ProjetoParImpar.Android", "ProjetoParImpar\ProjetoParImpar.Android\ProjetoParImpar.Android.csproj", "{CBA0794B-8DFC-434E-ABA1-226766CE560B}"
EndProject
Project("{FAE04EC0-301F-11D3-BF4B-00C04F79EFBC}") = "ProjetoParImpar.iOS", "ProjetoParImpar\ProjetoParImpar.iOS\ProjetoParImpar.iOS.csproj", "{E672588B-6450-4F09-8FED-6A6243566DC9}"
EndProject
Project("{FAE04EC0-301F-11D3-BF4B-00C04F79EFBC}") = "ProjetoParImpar", "ProjetoParImpar\ProjetoParImpar\ProjetoParImpar.csproj", "{A1C47180-14CC-48E9-A9E4-08B2A326C6D4}"
EndProject
Global
	GlobalSection(SolutionConfigurationPlatforms) = preSolution
		Ad-Hoc|Any CPU = Ad-Hoc|Any CPU
		Ad-Hoc|iPhone = Ad-Hoc|iPhone
		Ad-Hoc|iPhoneSimulator = Ad-Hoc|iPhoneSimulator
		AppStore|Any CPU = AppStore|Any CPU
		AppStore|iPhone = AppStore|iPhone
		AppStore|iPhoneSimulator = AppStore|iPhoneSimulator
		Debug|Any CPU = Debug|Any CPU
		Debug|iPhone = Debug|iPhone
		Debug|iPhoneSimulator = Debug|iPhoneSimulator
		Release|Any CPU = Release|Any CPU
		Release|iPhone = Release|iPhone
		Release|iPhoneSimulator = Release|iPhoneSimulator
	EndGlobalSection
	GlobalSection(ProjectConfigurationPlatforms) = postSolution
		{CBA0794B-8DFC-434E-ABA1-226766CE560B}.Ad-Hoc|Any CPU.ActiveCfg = Release|Any CPU
		{CBA0794B-8DFC-434E-ABA1-226766CE560B}.Ad-Hoc|Any CPU.Build.0 = Release|Any CPU
		{CBA0794B-8DFC-434E-ABA1-226766CE560B}.Ad-Hoc|Any CPU.Deploy.0 = Release|Any CPU
		{CBA0794B-8DFC-434E-ABA1-226766CE560B}.Ad-Hoc|iPhone.ActiveCfg = Release|Any CPU
		{CBA0794B-8DFC-434E-ABA1-226766CE560B}.Ad-Hoc|iPhone.Build.0 = Release|Any CPU
		{CBA0794B-8DFC-434E-ABA1-226766CE560B}.Ad-Hoc|iPhone.Deploy.0 = Release|Any CPU
		{CBA0794B-8DFC-434E-ABA1-226766CE560B}.Ad-Hoc|iPhoneSimulator.ActiveCfg = Release|Any CPU
		{CBA0794B-8DFC-434E-ABA1-226766CE560B}.Ad-Hoc|iPhoneSimulator.Build.0 = Release|Any CPU
		{CBA0794B-8DFC-434E-ABA1-226766CE560B}.Ad-Hoc|iPhoneSimulator.Deploy.0 = Release|Any CPU
		{CBA0794B-8DFC-434E-ABA1-226766CE560B}.AppStore|Any CPU.ActiveCfg = Release|Any CPU
		{CBA0794B-8DFC-434E-ABA1-226766CE560B}.AppStore|Any CPU.Build.0 = Release|Any CPU
		{CBA0794B-8DFC-434E-ABA1-226766CE560B}.AppStore|Any CPU.Deploy.0 = Release|Any CPU
		{CBA0794B-8DFC-434E-ABA1-226766CE560B}.AppStore|iPhone.ActiveCfg = Release|Any CPU
		{CBA0794B-8DFC-434E-ABA1-226766CE560B}.AppStore|iPhone.Build.0 = Release|Any CPU
		{CBA0794B-8DFC-434E-ABA1-226766CE560B}.AppStore|iPhone.Deploy.0 = Release|Any CPU
		{CBA0794B-8DFC-434E-ABA1-226766CE560B}.AppStore|iPhoneSimulator.ActiveCfg = Release|Any CPU
		{CBA0794B-8DFC-434E-ABA1-226766CE560B}.AppStore|iPhoneSimulator.Build.0 = Release|Any CPU
		{CBA0794B-8DFC-434E-ABA1-226766CE560B}.AppStore|iPhoneSimulator.Deploy.0 = Release|Any CPU
		{CBA0794B-8DFC-434E-ABA1-226766CE560B}.Debug|Any CPU.ActiveCfg = Debug|Any CPU
		{CBA0794B-8DFC-434E-ABA1-226766CE560B}.Debug|Any CPU.Build.0 = Debug|Any CPU
		{CBA0794B-8DFC-434E-ABA1-226766CE560B}.Debug|Any CPU.Deploy.0 = Debug|Any CPU
		{CBA0794B-8DFC-434E-ABA1-226766CE560B}.Debug|iPhone.ActiveCfg = Debug|Any CPU
		{CBA0794B-8DFC-434E-ABA1-226766CE560B}.Debug|iPhone.Build.0 = Debug|Any CPU
		{CBA0794B-8DFC-434E-ABA1-226766CE560B}.Debug|iPhone.Deploy.0 = Debug|Any CPU
		{CBA0794B-8DFC-434E-ABA1-226766CE560B}.Debug|iPhoneSimulator.ActiveCfg = Debug|Any CPU
		{CBA0794B-8DFC-434E-ABA1-226766CE560B}.Debug|iPhoneSimulator.Build.0 = Debug|Any CPU
		{CBA0794B-8DFC-434E-ABA1-226766CE560B}.Debug|iPhoneSimulator.Deploy.0 = Debug|Any CPU
		{CBA0794B-8DFC-434E-ABA1-226766CE560B}.Release|Any CPU.ActiveCfg = Release|Any CPU
		{CBA0794B-8DFC-434E-ABA1-226766CE560B}.Release|Any CPU.Build.0 = Release|Any CPU
		{CBA0794B-8DFC-434E-ABA1-226766CE560B}.Release|Any CPU.Deploy.0 = Release|Any CPU
		{CBA0794B-8DFC-434E-ABA1-226766CE560B}.Release|iPhone.ActiveCfg = Release|Any CPU
		{CBA0794B-8DFC-434E-ABA1-226766CE560B}.Release|iPhone.Build.0 = Release|Any CPU
		{CBA0794B-8DFC-434E-ABA1-226766CE560B}.Release|iPhone.Deploy.0 = Release|Any CPU
		{CBA0794B-8DFC-434E-ABA1-226766CE560B}.Release|iPhoneSimulator.ActiveCfg = Release|Any CPU
		{CBA0794B-8DFC-434E-ABA1-226766CE560B}.Release|iPhoneSimulator.Build.0 = Release|Any CPU
		{CBA0794B-8DFC-434E-ABA1-226766CE560B}.Release|iPhoneSimulator.Deploy.0 = Release|Any CPU
		{E672588B-6450-4F09-8FED-6A6243566DC9}.Ad-Hoc|Any CPU.ActiveCfg = Ad-Hoc|iPhone
		{E672588B-6450-4F09-8FED-6A6243566DC9}.Ad-Hoc|Any CPU.Build.0 = Ad-Hoc|iPhone
		{E672588B-6450-4F09-8FED-6A6243566DC9}.Ad-Hoc|Any CPU.Deploy.0 = Ad-Hoc|iPhone
		{E672588B-6450-4F09-8FED-6A6243566DC9}.Ad-Hoc|iPhone.ActiveCfg = Ad-Hoc|iPhone
		{E672588B-6450-4F09-8FED-6A6243566DC9}.Ad-Hoc|iPhone.Build.0 = Ad-Hoc|iPhone
		{E672588B-6450-4F09-8FED-6A6243566DC9}.Ad-Hoc|iPhone.Deploy.0 = Ad-Hoc|iPhone
		{E672588B-6450-4F09-8FED-6A6243566DC9}.Ad-Hoc|iPhoneSimulator.ActiveCfg = Ad-Hoc|iPhoneSimulator
		{E672588B-6450-4F09-8FED-6A6243566DC9}.Ad-Hoc|iPhoneSimulator.Build.0 = Ad-Hoc|iPhoneSimulator
		{E672588B-6450-4F09-8FED-6A6243566DC9}.Ad-Hoc|iPhoneSimulator.Deploy.0 = Ad-Hoc|iPhoneSimulator
		{E672588B-6450-4F09-8FED-6A6243566DC9}.AppStore|Any CPU.ActiveCfg = AppStore|iPhone
		{E672588B-6450-4F09-8FED-6A6243566DC9}.AppStore|Any CPU.Build.0 = AppStore|iPhone
		{E672588B-6450-4F09-8FED-6A6243566DC9}.AppStore|Any CPU.Deploy.0 = AppStore|iPhone
		{E672588B-6450-4F09-8FED-6A6243566DC9}.AppStore|iPhone.ActiveCfg = AppStore|iPhone
		{E672588B-6450-4F09-8FED-6A6243566DC9}.AppStore|iPhone.Build.0 = AppStore|iPhone
		{E672588B-6450-4F09-8FED-6A6243566DC9}.AppStore|iPhone.Deploy.0 = AppStore|iPhone
		{E672588B-6450-4F09-8FED-6A6243566DC9}.AppStore|iPhoneSimulator.ActiveCfg = AppStore|iPhoneSimulator
		{E672588B-6450-4F09-8FED-6A6243566DC9}.AppStore|iPhoneSimulator.Build.0 = AppStore|iPhoneSimulator
		{E672588B-6450-4F09-8FED-6A6243566DC9}.AppStore|iPhoneSimulator.Deploy.0 = AppStore|iPhoneSimulator
		{E672588B-6450-4F09-8FED-6A6243566DC9}.Debug|Any CPU.ActiveCfg = Debug|iPhoneSimulator
		{E672588B-6450-4F09-8FED-6A6243566DC9}.Debug|Any CPU.Build.0 = Debug|iPhoneSimulator
		{E672588B-6450-4F09-8FED-6A6243566DC9}.Debug|Any CPU.Deploy.0 = Debug|iPhoneSimulator
		{E672588B-6450-4F09-8FED-6A6243566DC9}.Debug|iPhone.ActiveCfg = Debug|iPhone
		{E672588B-6450-4F09-8FED-6A6243566DC9}.Debug|iPhone.Build.0 = Debug|iPhone
		{E672588B-6450-4F09-8FED-6A6243566DC9}.Debug|iPhone.Deploy.0 = Debug|iPhone
		{E672588B-6450-4F09-8FED-6A6243566DC9}.Debug|iPhoneSimulator.ActiveCfg = Debug|iPhoneSimulator
		{E672588B-6450-4F09-8FED-6A6243566DC9}.Debug|iPhoneSimulator.Build.0 = Debug|iPhoneSimulator
		{E672588B-6450-4F09-8FED-6A6243566DC9}.Debug|iPhoneSimulator.Deploy.0 = Debug|iPhoneSimulator
		{E672588B-6450-4F09-8FED-6A6243566DC9}.Release|Any CPU.ActiveCfg = Release|iPhone
		{E672588B-6450-4F09-8FED-6A6243566DC9}.Release|Any CPU.Build.0 = Release|iPhone
		{E672588B-6450-4F09-8FED-6A6243566DC9}.Release|Any CPU.Deploy.0 = Release|iPhone
		{E672588B-6450-4F09-8FED-6A6243566DC9}.Release|iPhone.ActiveCfg = Release|iPhone
		{E672588B-6450-4F09-8FED-6A6243566DC9}.Release|iPhone.Build.0 = Release|iPhone
		{E672588B-6450-4F09-8FED-6A6243566DC9}.Release|iPhone.Deploy.0 = Release|iPhone
		{E672588B-6450-4F09-8FED-6A6243566DC9}.Release|iPhoneSimulator.ActiveCfg = Release|iPhoneSimulator
		{E672588B-6450-4F09-8FED-6A6243566DC9}.Release|iPhoneSimulator.Build.0 = Release|iPhoneSimulator
		{E672588B-6450-4F09-8FED-6A6243566DC9}.Release|iPhoneSimulator.Deploy.0 = Release|iPhoneSimulator
		{A1C47180-14CC-48E9-A9E4-08B2A326C6D4}.Ad-Hoc|Any CPU.ActiveCfg = Debug|Any CPU
		{A1C47180-14CC-48E9-A9E4-08B2A326C6D4}.Ad-Hoc|Any CPU.Build.0 = Debug|Any CPU
		{A1C47180-14CC-48E9-A9E4-08B2A326C6D4}.Ad-Hoc|Any CPU.Deploy.0 = Debug|Any CPU
		{A1C47180-14CC-48E9-A9E4-08B2A326C6D4}.Ad-Hoc|iPhone.ActiveCfg = Debug|Any CPU
		{A1C47180-14CC-48E9-A9E4-08B2A326C6D4}.Ad-Hoc|iPhone.Build.0 = Debug|Any CPU
		{A1C47180-14CC-48E9-A9E4-08B2A326C6D4}.Ad-Hoc|iPhone.Deploy.0 = Debug|Any CPU
		{A1C47180-14CC-48E9-A9E4-08B2A326C6D4}.Ad-Hoc|iPhoneSimulator.ActiveCfg = Debug|Any CPU
		{A1C47180-14CC-48E9-A9E4-08B2A326C6D4}.Ad-Hoc|iPhoneSimulator.Build.0 = Debug|Any CPU
		{A1C47180-14CC-48E9-A9E4-08B2A326C6D4}.Ad-Hoc|iPhoneSimulator.Deploy.0 = Debug|Any CPU
		{A1C47180-14CC-48E9-A9E4-08B2A326C6D4}.AppStore|Any CPU.ActiveCfg = Debug|Any CPU
		{A1C47180-14CC-48E9-A9E4-08B2A326C6D4}.AppStore|Any CPU.Build.0 = Debug|Any CPU
		{A1C47180-14CC-48E9-A9E4-08B2A326C6D4}.AppStore|Any CPU.Deploy.0 = Debug|Any CPU
		{A1C47180-14CC-48E9-A9E4-08B2A326C6D4}.AppStore|iPhone.ActiveCfg = Debug|Any CPU
		{A1C47180-14CC-48E9-A9E4-08B2A326C6D4}.AppStore|iPhone.Build.0 = Debug|Any CPU
		{A1C47180-14CC-48E9-A9E4-08B2A326C6D4}.AppStore|iPhone.Deploy.0 = Debug|Any CPU
		{A1C47180-14CC-48E9-A9E4-08B2A326C6D4}.AppStore|iPhoneSimulator.ActiveCfg = Debug|Any CPU
		{A1C47180-14CC-48E9-A9E4-08B2A326C6D4}.AppStore|iPhoneSimulator.Build.0 = Debug|Any CPU
		{A1C47180-14CC-48E9-A9E4-08B2A326C6D4}.AppStore|iPhoneSimulator.Deploy.0 = Debug|Any CPU
		{A1C47180-14CC-48E9-A9E4-08B2A326C6D4}.Debug|Any CPU.ActiveCfg = Debug|Any CPU
		{A1C47180-14CC-48E9-A9E4-08B2A326C6D4}.Debug|Any CPU.Build.0 = Debug|Any CPU
		{A1C47180-14CC-48E9-A9E4-08B2A326C6D4}.Debug|Any CPU.Deploy.0 = Debug|Any CPU
		{A1C47180-14CC-48E9-A9E4-08B2A326C6D4}.Debug|iPhone.ActiveCfg = Debug|Any CPU
		{A1C47180-14CC-48E9-A9E4-08B2A326C6D4}.Debug|iPhone.Build.0 = Debug|Any CPU
		{A1C47180-14CC-48E9-A9E4-08B2A326C6D4}.Debug|iPhone.Deploy.0 = Debug|Any CPU
		{A1C47180-14CC-48E9-A9E4-08B2A326C6D4}.Debug|iPhoneSimulator.ActiveCfg = Debug|Any CPU
		{A1C47180-14CC-48E9-A9E4-08B2A326C6D4}.Debug|iPhoneSimulator.Build.0 = Debug|Any CPU
		{A1C47180-14CC-48E9-A9E4-08B2A326C6D4}.Debug|iPhoneSimulator.Deploy.0 = Debug|Any CPU
		{A1C47180-14CC-48E9-A9E4-08B2A326C6D4}.Release|Any CPU.ActiveCfg = Release|Any CPU
		{A1C47180-14CC-48E9-A9E4-08B2A326C6D4}.Release|Any CPU.Build.0 = Release|Any CPU
		{A1C47180-14CC-48E9-A9E4-08B2A326C6D4}.Release|Any CPU.Deploy.0 = Release|Any CPU
		{A1C47180-14CC-48E9-A9E4-08B2A326C6D4}.Release|iPhone.ActiveCfg = Release|Any CPU
		{A1C47180-14CC-48E9-A9E4-08B2A326C6D4}.Release|iPhone.Build.0 = Release|Any CPU
		{A1C47180-14CC-48E9-A9E4-08B2A326C6D4}.Release|iPhone.Deploy.0 = Release|Any CPU
		{A1C47180-14CC-48E9-A9E4-08B2A326C6D4}.Release|iPhoneSimulator.ActiveCfg = Release|Any CPU
		{A1C47180-14CC-48E9-A9E4-08B2A326C6D4}.Release|iPhoneSimulator.Build.0 = Release|Any CPU
		{A1C47180-14CC-48E9-A9E4-08B2A326C6D4}.Release|iPhoneSimulator.Deploy.0 = Release|Any CPU
	EndGlobalSection
	GlobalSection(SolutionProperties) = preSolution
		HideSolutionNode = FALSE
	EndGlobalSection
	GlobalSection(ExtensibilityGlobals) = postSolution
		SolutionGuid = {757C1136-C220-4F96-BA6E-FC059EFEC8D0}
	EndGlobalSection
EndGlobal
